
Microsoft Visual Studio Solution File, Format Version 12.00
# Visual Studio Version 17
VisualStudioVersion = 17.4.33213.308
MinimumVisualStudioVersion = 10.0.40219.1
Project("{FAE04EC0-301F-11D3-BF4B-00C04F79EFBC}") = "Yusuf Yılmaz Staj PythonNet", "Yusuf Yılmaz Staj PythonNet\Yusuf Yılmaz Staj PythonNet.csproj", "{46CE1B44-D359-4CAA-8308-88F8A582D84B}"
EndProject
Global
	GlobalSection(SolutionConfigurationPlatforms) = preSolution
		Debug|Any CPU = Debug|Any CPU
		Debug|x86 = Debug|x86
		Release|Any CPU = Release|Any CPU
		Release|x86 = Release|x86
	EndGlobalSection
	GlobalSection(ProjectConfigurationPlatforms) = postSolution
		{46CE1B44-D359-4CAA-8308-88F8A582D84B}.Debug|Any CPU.ActiveCfg = Debug|Any CPU
		{46CE1B44-D359-4CAA-8308-88F8A582D84B}.Debug|Any CPU.Build.0 = Debug|Any CPU
		{46CE1B44-D359-4CAA-8308-88F8A582D84B}.Debug|x86.ActiveCfg = Debug|Any CPU
		{46CE1B44-D359-4CAA-8308-88F8A582D84B}.Debug|x86.Build.0 = Debug|Any CPU
		{46CE1B44-D359-4CAA-8308-88F8A582D84B}.Release|Any CPU.ActiveCfg = Release|Any CPU
		{46CE1B44-D359-4CAA-8308-88F8A582D84B}.Release|Any CPU.Build.0 = Release|Any CPU
		{46CE1B44-D359-4CAA-8308-88F8A582D84B}.Release|x86.ActiveCfg = Release|Any CPU
		{46CE1B44-D359-4CAA-8308-88F8A582D84B}.Release|x86.Build.0 = Release|Any CPU
	EndGlobalSection
	GlobalSection(SolutionProperties) = preSolution
		HideSolutionNode = FALSE
	EndGlobalSection
	GlobalSection(ExtensibilityGlobals) = postSolution
		SolutionGuid = {D981E402-45B3-4C2E-BB9A-76C89F9E9A6B}
	EndGlobalSection
EndGlobal
